
Microsoft Visual Studio Solution File, Format Version 12.00
# Visual Studio Version 17
VisualStudioVersion = 17.7.34024.191
MinimumVisualStudioVersion = 10.0.40219.1
Project("{FAE04EC0-301F-11D3-BF4B-00C04F79EFBC}") = "prac1EF", "prac1EF\prac1EF.csproj", "{EF62EE77-23D1-47E1-B96D-ED1A1220AD05}"
EndProject
Global
	GlobalSection(SolutionConfigurationPlatforms) = preSolution
		Debug|Any CPU = Debug|Any CPU
		Release|Any CPU = Release|Any CPU
	EndGlobalSection
	GlobalSection(ProjectConfigurationPlatforms) = postSolution
		{EF62EE77-23D1-47E1-B96D-ED1A1220AD05}.Debug|Any CPU.ActiveCfg = Debug|Any CPU
		{EF62EE77-23D1-47E1-B96D-ED1A1220AD05}.Debug|Any CPU.Build.0 = Debug|Any CPU
		{EF62EE77-23D1-47E1-B96D-ED1A1220AD05}.Release|Any CPU.ActiveCfg = Release|Any CPU
		{EF62EE77-23D1-47E1-B96D-ED1A1220AD05}.Release|Any CPU.Build.0 = Release|Any CPU
	EndGlobalSection
	GlobalSection(SolutionProperties) = preSolution
		HideSolutionNode = FALSE
	EndGlobalSection
	GlobalSection(ExtensibilityGlobals) = postSolution
		SolutionGuid = {66927D95-EA34-4CBF-A882-D4BA07242AB5}
	EndGlobalSection
EndGlobal
